// !$*UTF8*$!
{
	archiveVersion = 1;
	classes = {
	};
	objectVersion = 46;
	objects = {

/* Begin PBXBuildFile section */
		D61910CA17CFAA8900EAC2F1 /* pause@2x.png in Resources */ = {isa = PBXBuildFile; fileRef = D61910C717CFAA8900EAC2F1 /* pause@2x.png */; };
		D61910CB17CFAA8900EAC2F1 /* play@2x.png in Resources */ = {isa = PBXBuildFile; fileRef = D61910C817CFAA8900EAC2F1 /* play@2x.png */; };
		D61910CC17CFAA8900EAC2F1 /* stop@2x.png in Resources */ = {isa = PBXBuildFile; fileRef = D61910C917CFAA8900EAC2F1 /* stop@2x.png */; };
		D637E9B717D374C90045466E /* Default-568h@2x.png in Resources */ = {isa = PBXBuildFile; fileRef = D637E9B617D374C90045466E /* Default-568h@2x.png */; };
		D637E9B917D375490045466E /* Default@2x.png in Resources */ = {isa = PBXBuildFile; fileRef = D637E9B817D375490045466E /* Default@2x.png */; };
		D63C807F16E1C4C50004D76C /* AVFoundation.framework in Frameworks */ = {isa = PBXBuildFile; fileRef = D63C807E16E1C4C50004D76C /* AVFoundation.framework */; };
		D63C808516E1D5D50004D76C /* In my song.mp3 in Resources */ = {isa = PBXBuildFile; fileRef = D63C808416E1D5D50004D76C /* In my song.mp3 */; };
		D643A86316E1A83C00CDCFFB /* UIKit.framework in Frameworks */ = {isa = PBXBuildFile; fileRef = D643A86216E1A83C00CDCFFB /* UIKit.framework */; };
		D643A86516E1A83C00CDCFFB /* Foundation.framework in Frameworks */ = {isa = PBXBuildFile; fileRef = D643A86416E1A83C00CDCFFB /* Foundation.framework */; };
		D643A86716E1A83C00CDCFFB /* CoreGraphics.framework in Frameworks */ = {isa = PBXBuildFile; fileRef = D643A86616E1A83C00CDCFFB /* CoreGraphics.framework */; };
		D643A86D16E1A83C00CDCFFB /* InfoPlist.strings in Resources */ = {isa = PBXBuildFile; fileRef = D643A86B16E1A83C00CDCFFB /* InfoPlist.strings */; };
		D643A86F16E1A83C00CDCFFB /* main.m in Sources */ = {isa = PBXBuildFile; fileRef = D643A86E16E1A83C00CDCFFB /* main.m */; };
		D643A87316E1A83D00CDCFFB /* AppDelegate.m in Sources */ = {isa = PBXBuildFile; fileRef = D643A87216E1A83D00CDCFFB /* AppDelegate.m */; };
		D643A87C16E1A83D00CDCFFB /* ViewController.m in Sources */ = {isa = PBXBuildFile; fileRef = D643A87B16E1A83D00CDCFFB /* ViewController.m */; };
		D643A87F16E1A83D00CDCFFB /* ViewController.xib in Resources */ = {isa = PBXBuildFile; fileRef = D643A87D16E1A83D00CDCFFB /* ViewController.xib */; };
		D643A88716E1A91100CDCFFB /* CircularProgressView.m in Sources */ = {isa = PBXBuildFile; fileRef = D643A88616E1A91100CDCFFB /* CircularProgressView.m */; };
		D64F9AD517CF88E600FF0238 /* ToggleButton.m in Sources */ = {isa = PBXBuildFile; fileRef = D64F9AD417CF88E600FF0238 /* ToggleButton.m */; };
		D680A89516E999440089BCC9 /* Icon.png in Resources */ = {isa = PBXBuildFile; fileRef = D680A89416E999440089BCC9 /* Icon.png */; };
		D680A89716E9994A0089BCC9 /* Icon@2x.png in Resources */ = {isa = PBXBuildFile; fileRef = D680A89616E9994A0089BCC9 /* Icon@2x.png */; };
/* End PBXBuildFile section */

/* Begin PBXFileReference section */
		D61910C717CFAA8900EAC2F1 /* pause@2x.png */ = {isa = PBXFileReference; lastKnownFileType = image.png; path = "pause@2x.png"; sourceTree = "<group>"; };
		D61910C817CFAA8900EAC2F1 /* play@2x.png */ = {isa = PBXFileReference; lastKnownFileType = image.png; path = "play@2x.png"; sourceTree = "<group>"; };
		D61910C917CFAA8900EAC2F1 /* stop@2x.png */ = {isa = PBXFileReference; lastKnownFileType = image.png; path = "stop@2x.png"; sourceTree = "<group>"; };
		D637E9B617D374C90045466E /* Default-568h@2x.png */ = {isa = PBXFileReference; lastKnownFileType = image.png; name = "Default-568h@2x.png"; path = "../Default-568h@2x.png"; sourceTree = "<group>"; };
		D637E9B817D375490045466E /* Default@2x.png */ = {isa = PBXFileReference; lastKnownFileType = image.png; name = "Default@2x.png"; path = "../Default@2x.png"; sourceTree = "<group>"; };
		D63C807E16E1C4C50004D76C /* AVFoundation.framework */ = {isa = PBXFileReference; lastKnownFileType = wrapper.framework; name = AVFoundation.framework; path = System/Library/Frameworks/AVFoundation.framework; sourceTree = SDKROOT; };
		D63C808416E1D5D50004D76C /* In my song.mp3 */ = {isa = PBXFileReference; lastKnownFileType = audio.mp3; path = "In my song.mp3"; sourceTree = "<group>"; };
		D643A85F16E1A83C00CDCFFB /* CircularProgressViewDemo.app */ = {isa = PBXFileReference; explicitFileType = wrapper.application; includeInIndex = 0; path = CircularProgressViewDemo.app; sourceTree = BUILT_PRODUCTS_DIR; };
		D643A86216E1A83C00CDCFFB /* UIKit.framework */ = {isa = PBXFileReference; lastKnownFileType = wrapper.framework; name = UIKit.framework; path = System/Library/Frameworks/UIKit.framework; sourceTree = SDKROOT; };
		D643A86416E1A83C00CDCFFB /* Foundation.framework */ = {isa = PBXFileReference; lastKnownFileType = wrapper.framework; name = Foundation.framework; path = System/Library/Frameworks/Foundation.framework; sourceTree = SDKROOT; };
		D643A86616E1A83C00CDCFFB /* CoreGraphics.framework */ = {isa = PBXFileReference; lastKnownFileType = wrapper.framework; name = CoreGraphics.framework; path = System/Library/Frameworks/CoreGraphics.framework; sourceTree = SDKROOT; };
		D643A86A16E1A83C00CDCFFB /* CircularProgressViewDemo-Info.plist */ = {isa = PBXFileReference; lastKnownFileType = text.plist.xml; path = "CircularProgressViewDemo-Info.plist"; sourceTree = "<group>"; };
		D643A86C16E1A83C00CDCFFB /* en */ = {isa = PBXFileReference; lastKnownFileType = text.plist.strings; name = en; path = en.lproj/InfoPlist.strings; sourceTree = "<group>"; };
		D643A86E16E1A83C00CDCFFB /* main.m */ = {isa = PBXFileReference; lastKnownFileType = sourcecode.c.objc; path = main.m; sourceTree = "<group>"; };
		D643A87016E1A83D00CDCFFB /* CircularProgressViewDemo-Prefix.pch */ = {isa = PBXFileReference; lastKnownFileType = sourcecode.c.h; path = "CircularProgressViewDemo-Prefix.pch"; sourceTree = "<group>"; };
		D643A87116E1A83D00CDCFFB /* AppDelegate.h */ = {isa = PBXFileReference; lastKnownFileType = sourcecode.c.h; path = AppDelegate.h; sourceTree = "<group>"; };
		D643A87216E1A83D00CDCFFB /* AppDelegate.m */ = {isa = PBXFileReference; lastKnownFileType = sourcecode.c.objc; path = AppDelegate.m; sourceTree = "<group>"; };
		D643A87A16E1A83D00CDCFFB /* ViewController.h */ = {isa = PBXFileReference; lastKnownFileType = sourcecode.c.h; path = ViewController.h; sourceTree = "<group>"; };
		D643A87B16E1A83D00CDCFFB /* ViewController.m */ = {isa = PBXFileReference; lastKnownFileType = sourcecode.c.objc; path = ViewController.m; sourceTree = "<group>"; };
		D643A87E16E1A83D00CDCFFB /* en */ = {isa = PBXFileReference; lastKnownFileType = file.xib; name = en; path = en.lproj/ViewController.xib; sourceTree = "<group>"; };
		D643A88516E1A91100CDCFFB /* CircularProgressView.h */ = {isa = PBXFileReference; fileEncoding = 4; lastKnownFileType = sourcecode.c.h; name = CircularProgressView.h; path = ../CircularProgressView.h; sourceTree = "<group>"; };
		D643A88616E1A91100CDCFFB /* CircularProgressView.m */ = {isa = PBXFileReference; fileEncoding = 4; lastKnownFileType = sourcecode.c.objc; name = CircularProgressView.m; path = ../CircularProgressView.m; sourceTree = "<group>"; };
		D64F9AD317CF88E600FF0238 /* ToggleButton.h */ = {isa = PBXFileReference; fileEncoding = 4; lastKnownFileType = sourcecode.c.h; path = ToggleButton.h; sourceTree = "<group>"; };
		D64F9AD417CF88E600FF0238 /* ToggleButton.m */ = {isa = PBXFileReference; fileEncoding = 4; lastKnownFileType = sourcecode.c.objc; path = ToggleButton.m; sourceTree = "<group>"; };
		D680A89416E999440089BCC9 /* Icon.png */ = {isa = PBXFileReference; lastKnownFileType = image.png; name = Icon.png; path = ../Icon.png; sourceTree = "<group>"; };
		D680A89616E9994A0089BCC9 /* Icon@2x.png */ = {isa = PBXFileReference; lastKnownFileType = image.png; name = "Icon@2x.png"; path = "../Icon@2x.png"; sourceTree = "<group>"; };
/* End PBXFileReference section */

/* Begin PBXFrameworksBuildPhase section */
		D643A85C16E1A83C00CDCFFB /* Frameworks */ = {
			isa = PBXFrameworksBuildPhase;
			buildActionMask = 2147483647;
			files = (
				D63C807F16E1C4C50004D76C /* AVFoundation.framework in Frameworks */,
				D643A86316E1A83C00CDCFFB /* UIKit.framework in Frameworks */,
				D643A86516E1A83C00CDCFFB /* Foundation.framework in Frameworks */,
				D643A86716E1A83C00CDCFFB /* CoreGraphics.framework in Frameworks */,
			);
			runOnlyForDeploymentPostprocessing = 0;
		};
/* End PBXFrameworksBuildPhase section */

/* Begin PBXGroup section */
		D643A85616E1A83C00CDCFFB = {
			isa = PBXGroup;
			children = (
				D643A88816E1B08500CDCFFB /* CircularProgressView */,
				D643A86816E1A83C00CDCFFB /* CircularProgressViewDemo */,
				D643A86116E1A83C00CDCFFB /* Frameworks */,
				D643A86016E1A83C00CDCFFB /* Products */,
			);
			sourceTree = "<group>";
		};
		D643A86016E1A83C00CDCFFB /* Products */ = {
			isa = PBXGroup;
			children = (
				D643A85F16E1A83C00CDCFFB /* CircularProgressViewDemo.app */,
			);
			name = Products;
			sourceTree = "<group>";
		};
		D643A86116E1A83C00CDCFFB /* Frameworks */ = {
			isa = PBXGroup;
			children = (
				D63C807E16E1C4C50004D76C /* AVFoundation.framework */,
				D643A86216E1A83C00CDCFFB /* UIKit.framework */,
				D643A86416E1A83C00CDCFFB /* Foundation.framework */,
				D643A86616E1A83C00CDCFFB /* CoreGraphics.framework */,
			);
			name = Frameworks;
			sourceTree = "<group>";
		};
		D643A86816E1A83C00CDCFFB /* CircularProgressViewDemo */ = {
			isa = PBXGroup;
			children = (
				D643A87116E1A83D00CDCFFB /* AppDelegate.h */,
				D643A87216E1A83D00CDCFFB /* AppDelegate.m */,
				D643A87A16E1A83D00CDCFFB /* ViewController.h */,
				D643A87B16E1A83D00CDCFFB /* ViewController.m */,
				D643A87D16E1A83D00CDCFFB /* ViewController.xib */,
				D64F9AD317CF88E600FF0238 /* ToggleButton.h */,
				D64F9AD417CF88E600FF0238 /* ToggleButton.m */,
				D643A86916E1A83C00CDCFFB /* Supporting Files */,
			);
			path = CircularProgressViewDemo;
			sourceTree = "<group>";
		};
		D643A86916E1A83C00CDCFFB /* Supporting Files */ = {
			isa = PBXGroup;
			children = (
				D63C808416E1D5D50004D76C /* In my song.mp3 */,
				D643A86A16E1A83C00CDCFFB /* CircularProgressViewDemo-Info.plist */,
				D643A86B16E1A83C00CDCFFB /* InfoPlist.strings */,
				D643A86E16E1A83C00CDCFFB /* main.m */,
				D643A87016E1A83D00CDCFFB /* CircularProgressViewDemo-Prefix.pch */,
				D680A89616E9994A0089BCC9 /* Icon@2x.png */,
				D680A89416E999440089BCC9 /* Icon.png */,
				D637E9B817D375490045466E /* Default@2x.png */,
				D637E9B617D374C90045466E /* Default-568h@2x.png */,
				D61910C717CFAA8900EAC2F1 /* pause@2x.png */,
				D61910C817CFAA8900EAC2F1 /* play@2x.png */,
				D61910C917CFAA8900EAC2F1 /* stop@2x.png */,
			);
			name = "Supporting Files";
			sourceTree = "<group>";
		};
		D643A88816E1B08500CDCFFB /* CircularProgressView */ = {
			isa = PBXGroup;
			children = (
				D643A88516E1A91100CDCFFB /* CircularProgressView.h */,
				D643A88616E1A91100CDCFFB /* CircularProgressView.m */,
			);
			name = CircularProgressView;
			sourceTree = "<group>";
		};
/* End PBXGroup section */

/* Begin PBXNativeTarget section */
		D643A85E16E1A83C00CDCFFB /* CircularProgressViewDemo */ = {
			isa = PBXNativeTarget;
			buildConfigurationList = D643A88216E1A83D00CDCFFB /* Build configuration list for PBXNativeTarget "CircularProgressViewDemo" */;
			buildPhases = (
				D643A85B16E1A83C00CDCFFB /* Sources */,
				D643A85C16E1A83C00CDCFFB /* Frameworks */,
				D643A85D16E1A83C00CDCFFB /* Resources */,
			);
			buildRules = (
			);
			dependencies = (
			);
			name = CircularProgressViewDemo;
			productName = CircularProgressViewDemo;
			productReference = D643A85F16E1A83C00CDCFFB /* CircularProgressViewDemo.app */;
			productType = "com.apple.product-type.application";
		};
/* End PBXNativeTarget section */

/* Begin PBXProject section */
		D643A85716E1A83C00CDCFFB /* Project object */ = {
			isa = PBXProject;
			attributes = {
				LastUpgradeCheck = 0460;
				ORGANIZATIONNAME = nijino;
			};
			buildConfigurationList = D643A85A16E1A83C00CDCFFB /* Build configuration list for PBXProject "CircularProgressViewDemo" */;
			compatibilityVersion = "Xcode 3.2";
			developmentRegion = English;
			hasScannedForEncodings = 0;
			knownRegions = (
				en,
			);
			mainGroup = D643A85616E1A83C00CDCFFB;
			productRefGroup = D643A86016E1A83C00CDCFFB /* Products */;
			projectDirPath = "";
			projectRoot = "";
			targets = (
				D643A85E16E1A83C00CDCFFB /* CircularProgressViewDemo */,
			);
		};
/* End PBXProject section */

/* Begin PBXResourcesBuildPhase section */
		D643A85D16E1A83C00CDCFFB /* Resources */ = {
			isa = PBXResourcesBuildPhase;
			buildActionMask = 2147483647;
			files = (
				D61910CB17CFAA8900EAC2F1 /* play@2x.png in Resources */,
				D643A86D16E1A83C00CDCFFB /* InfoPlist.strings in Resources */,
				D643A87F16E1A83D00CDCFFB /* ViewController.xib in Resources */,
				D63C808516E1D5D50004D76C /* In my song.mp3 in Resources */,
				D637E9B717D374C90045466E /* Default-568h@2x.png in Resources */,
				D61910CA17CFAA8900EAC2F1 /* pause@2x.png in Resources */,
				D61910CC17CFAA8900EAC2F1 /* stop@2x.png in Resources */,
				D680A89516E999440089BCC9 /* Icon.png in Resources */,
				D680A89716E9994A0089BCC9 /* Icon@2x.png in Resources */,
				D637E9B917D375490045466E /* Default@2x.png in Resources */,
			);
			runOnlyForDeploymentPostprocessing = 0;
		};
/* End PBXResourcesBuildPhase section */

/* Begin PBXSourcesBuildPhase section */
		D643A85B16E1A83C00CDCFFB /* Sources */ = {
			isa = PBXSourcesBuildPhase;
			buildActionMask = 2147483647;
			files = (
				D643A86F16E1A83C00CDCFFB /* main.m in Sources */,
				D643A87316E1A83D00CDCFFB /* AppDelegate.m in Sources */,
				D643A87C16E1A83D00CDCFFB /* ViewController.m in Sources */,
				D643A88716E1A91100CDCFFB /* CircularProgressView.m in Sources */,
				D64F9AD517CF88E600FF0238 /* ToggleButton.m in Sources */,
			);
			runOnlyForDeploymentPostprocessing = 0;
		};
/* End PBXSourcesBuildPhase section */

/* Begin PBXVariantGroup section */
		D643A86B16E1A83C00CDCFFB /* InfoPlist.strings */ = {
			isa = PBXVariantGroup;
			children = (
				D643A86C16E1A83C00CDCFFB /* en */,
			);
			name = InfoPlist.strings;
			sourceTree = "<group>";
		};
		D643A87D16E1A83D00CDCFFB /* ViewController.xib */ = {
			isa = PBXVariantGroup;
			children = (
				D643A87E16E1A83D00CDCFFB /* en */,
			);
			name = ViewController.xib;
			sourceTree = "<group>";
		};
/* End PBXVariantGroup section */

/* Begin XCBuildConfiguration section */
		D643A88016E1A83D00CDCFFB /* Debug */ = {
			isa = XCBuildConfiguration;
			buildSettings = {
				ALWAYS_SEARCH_USER_PATHS = NO;
				CLANG_CXX_LANGUAGE_STANDARD = "gnu++0x";
				CLANG_CXX_LIBRARY = "libc++";
				CLANG_ENABLE_OBJC_ARC = YES;
				CLANG_WARN_CONSTANT_CONVERSION = YES;
				CLANG_WARN_EMPTY_BODY = YES;
				CLANG_WARN_ENUM_CONVERSION = YES;
				CLANG_WARN_INT_CONVERSION = YES;
				CLANG_WARN__DUPLICATE_METHOD_MATCH = YES;
				"CODE_SIGN_IDENTITY[sdk=iphoneos*]" = "iPhone Developer";
				COPY_PHASE_STRIP = NO;
				GCC_C_LANGUAGE_STANDARD = gnu99;
				GCC_DYNAMIC_NO_PIC = NO;
				GCC_OPTIMIZATION_LEVEL = 0;
				GCC_PREPROCESSOR_DEFINITIONS = (
					"DEBUG=1",
					"$(inherited)",
				);
				GCC_SYMBOLS_PRIVATE_EXTERN = NO;
				GCC_WARN_ABOUT_RETURN_TYPE = YES;
				GCC_WARN_UNINITIALIZED_AUTOS = YES;
				GCC_WARN_UNUSED_VARIABLE = YES;
				IPHONEOS_DEPLOYMENT_TARGET = 4.3;
				ONLY_ACTIVE_ARCH = YES;
				SDKROOT = iphoneos;
			};
			name = Debug;
		};
		D643A88116E1A83D00CDCFFB /* Release */ = {
			isa = XCBuildConfiguration;
			buildSettings = {
				ALWAYS_SEARCH_USER_PATHS = NO;
				CLANG_CXX_LANGUAGE_STANDARD = "gnu++0x";
				CLANG_CXX_LIBRARY = "libc++";
				CLANG_ENABLE_OBJC_ARC = YES;
				CLANG_WARN_CONSTANT_CONVERSION = YES;
				CLANG_WARN_EMPTY_BODY = YES;
				CLANG_WARN_ENUM_CONVERSION = YES;
				CLANG_WARN_INT_CONVERSION = YES;
				CLANG_WARN__DUPLICATE_METHOD_MATCH = YES;
				"CODE_SIGN_IDENTITY[sdk=iphoneos*]" = "iPhone Developer";
				COPY_PHASE_STRIP = YES;
				GCC_C_LANGUAGE_STANDARD = gnu99;
				GCC_WARN_ABOUT_RETURN_TYPE = YES;
				GCC_WARN_UNINITIALIZED_AUTOS = YES;
				GCC_WARN_UNUSED_VARIABLE = YES;
				IPHONEOS_DEPLOYMENT_TARGET = 4.3;
				OTHER_CFLAGS = "-DNS_BLOCK_ASSERTIONS=1";
				SDKROOT = iphoneos;
				VALIDATE_PRODUCT = YES;
			};
			name = Release;
		};
		D643A88316E1A83D00CDCFFB /* Debug */ = {
			isa = XCBuildConfiguration;
			buildSettings = {
				GCC_PRECOMPILE_PREFIX_HEADER = YES;
				GCC_PREFIX_HEADER = "CircularProgressViewDemo/CircularProgressViewDemo-Prefix.pch";
				INFOPLIST_FILE = "CircularProgressViewDemo/CircularProgressViewDemo-Info.plist";
				IPHONEOS_DEPLOYMENT_TARGET = 4.3;
				PRODUCT_NAME = "$(TARGET_NAME)";
				WRAPPER_EXTENSION = app;
			};
			name = Debug;
		};
		D643A88416E1A83D00CDCFFB /* Release */ = {
			isa = XCBuildConfiguration;
			buildSettings = {
				GCC_PRECOMPILE_PREFIX_HEADER = YES;
				GCC_PREFIX_HEADER = "CircularProgressViewDemo/CircularProgressViewDemo-Prefix.pch";
				INFOPLIST_FILE = "CircularProgressViewDemo/CircularProgressViewDemo-Info.plist";
				IPHONEOS_DEPLOYMENT_TARGET = 4.3;
				PRODUCT_NAME = "$(TARGET_NAME)";
				WRAPPER_EXTENSION = app;
			};
			name = Release;
		};
/* End XCBuildConfiguration section */

/* Begin XCConfigurationList section */
		D643A85A16E1A83C00CDCFFB /* Build configuration list for PBXProject "CircularProgressViewDemo" */ = {
			isa = XCConfigurationList;
			buildConfigurations = (
				D643A88016E1A83D00CDCFFB /* Debug */,
				D643A88116E1A83D00CDCFFB /* Release */,
			);
			defaultConfigurationIsVisible = 0;
			defaultConfigurationName = Release;
		};
		D643A88216E1A83D00CDCFFB /* Build configuration list for PBXNativeTarget "CircularProgressViewDemo" */ = {
			isa = XCConfigurationList;
			buildConfigurations = (
				D643A88316E1A83D00CDCFFB /* Debug */,
				D643A88416E1A83D00CDCFFB /* Release */,
			);
			defaultConfigurationIsVisible = 0;
			defaultConfigurationName = Release;
		};
/* End XCConfigurationList section */
	};
	rootObject = D643A85716E1A83C00CDCFFB /* Project object */;
}
